// !$*UTF8*$!
{
	archiveVersion = 1;
	classes = {
	};
	objectVersion = 55;
	objects = {

/* Begin PBXBuildFile section */
		079DC0BA3F87712976A50F10 /* libPods-DoggyAppTests.a in Frameworks */ = {isa = PBXBuildFile; fileRef = F1CA8793CC78AA0F9A9E9368 /* libPods-DoggyAppTests.a */; };
		2C320F57BB7AFBA1AAA225BB /* libPods-DoggyApp-DoggyAppUITests.a in Frameworks */ = {isa = PBXBuildFile; fileRef = 285BC809616A16116FD9F4D1 /* libPods-DoggyApp-DoggyAppUITests.a */; };
		6F155B42291420A80013B212 /* PetsListViewModel.swift in Sources */ = {isa = PBXBuildFile; fileRef = 6F155B41291420A80013B212 /* PetsListViewModel.swift */; };
		6F155B44291422320013B212 /* PetsViewModel.swift in Sources */ = {isa = PBXBuildFile; fileRef = 6F155B43291422320013B212 /* PetsViewModel.swift */; };
		6F155B4629142A210013B212 /* GlobalConstants.swift in Sources */ = {isa = PBXBuildFile; fileRef = 6F155B4529142A210013B212 /* GlobalConstants.swift */; };
		6F155B4C2916DF9E0013B212 /* PetsDetailsViewController.swift in Sources */ = {isa = PBXBuildFile; fileRef = 6F155B4B2916DF9E0013B212 /* PetsDetailsViewController.swift */; };
		6F155B52291718E00013B212 /* PetsPersistencyManager.swift in Sources */ = {isa = PBXBuildFile; fileRef = 6F155B51291718E00013B212 /* PetsPersistencyManager.swift */; };
		6F155B5829181FFC0013B212 /* PetsTableViewCell.swift in Sources */ = {isa = PBXBuildFile; fileRef = 6F155B5729181FFC0013B212 /* PetsTableViewCell.swift */; };
		6F1A272A290EE28200C98E4E /* AppDelegate.swift in Sources */ = {isa = PBXBuildFile; fileRef = 6F1A2729290EE28200C98E4E /* AppDelegate.swift */; };
		6F1A272C290EE28200C98E4E /* SceneDelegate.swift in Sources */ = {isa = PBXBuildFile; fileRef = 6F1A272B290EE28200C98E4E /* SceneDelegate.swift */; };
		6F1A272E290EE28200C98E4E /* PetsListViewController.swift in Sources */ = {isa = PBXBuildFile; fileRef = 6F1A272D290EE28200C98E4E /* PetsListViewController.swift */; };
		6F1A2731290EE28200C98E4E /* Main.storyboard in Resources */ = {isa = PBXBuildFile; fileRef = 6F1A272F290EE28200C98E4E /* Main.storyboard */; };
		6F1A2733290EE28500C98E4E /* Assets.xcassets in Resources */ = {isa = PBXBuildFile; fileRef = 6F1A2732290EE28500C98E4E /* Assets.xcassets */; };
		6F1A2741290EE28500C98E4E /* DoggyAppTests.swift in Sources */ = {isa = PBXBuildFile; fileRef = 6F1A2740290EE28500C98E4E /* DoggyAppTests.swift */; };
		6F1A274B290EE28500C98E4E /* DoggyAppUITests.swift in Sources */ = {isa = PBXBuildFile; fileRef = 6F1A274A290EE28500C98E4E /* DoggyAppUITests.swift */; };
		6F1A274D290EE28500C98E4E /* DoggyAppUITestsLaunchTests.swift in Sources */ = {isa = PBXBuildFile; fileRef = 6F1A274C290EE28500C98E4E /* DoggyAppUITestsLaunchTests.swift */; };
		6F1A275A290EEDF700C98E4E /* AppCoordinator.swift in Sources */ = {isa = PBXBuildFile; fileRef = 6F1A2759290EEDF600C98E4E /* AppCoordinator.swift */; };
		6F1A275C290EF0A300C98E4E /* Pet.swift in Sources */ = {isa = PBXBuildFile; fileRef = 6F1A275B290EF0A300C98E4E /* Pet.swift */; };
		6F1A275E290EF16D00C98E4E /* PetService.swift in Sources */ = {isa = PBXBuildFile; fileRef = 6F1A275D290EF16D00C98E4E /* PetService.swift */; };
		6F1A2761290EFC8700C98E4E /* Token.swift in Sources */ = {isa = PBXBuildFile; fileRef = 6F1A2760290EFC8700C98E4E /* Token.swift */; };
		6F653142291ACB6200A1E963 /* KeychainHandler.swift in Sources */ = {isa = PBXBuildFile; fileRef = 6F653141291ACB6100A1E963 /* KeychainHandler.swift */; };
		6F653144291B184D00A1E963 /* PetFinderAccess.plist in Resources */ = {isa = PBXBuildFile; fileRef = 6F653143291B184D00A1E963 /* PetFinderAccess.plist */; };
		8AF0846A11B2D96B3CB83DEE /* libPods-DoggyApp.a in Frameworks */ = {isa = PBXBuildFile; fileRef = B24B60CE0A7EDB63C7D422CE /* libPods-DoggyApp.a */; };
/* End PBXBuildFile section */

/* Begin PBXContainerItemProxy section */
		6F1A273D290EE28500C98E4E /* PBXContainerItemProxy */ = {
			isa = PBXContainerItemProxy;
			containerPortal = 6F1A271E290EE28200C98E4E /* Project object */;
			proxyType = 1;
			remoteGlobalIDString = 6F1A2725290EE28200C98E4E;
			remoteInfo = DoggyApp;
		};
		6F1A2747290EE28500C98E4E /* PBXContainerItemProxy */ = {
			isa = PBXContainerItemProxy;
			containerPortal = 6F1A271E290EE28200C98E4E /* Project object */;
			proxyType = 1;
			remoteGlobalIDString = 6F1A2725290EE28200C98E4E;
			remoteInfo = DoggyApp;
		};
/* End PBXContainerItemProxy section */

/* Begin PBXFileReference section */
		0EC1B5E31483D30430C20682 /* Pods-DoggyAppTests.release.xcconfig */ = {isa = PBXFileReference; includeInIndex = 1; lastKnownFileType = text.xcconfig; name = "Pods-DoggyAppTests.release.xcconfig"; path = "Target Support Files/Pods-DoggyAppTests/Pods-DoggyAppTests.release.xcconfig"; sourceTree = "<group>"; };
		285BC809616A16116FD9F4D1 /* libPods-DoggyApp-DoggyAppUITests.a */ = {isa = PBXFileReference; explicitFileType = archive.ar; includeInIndex = 0; path = "libPods-DoggyApp-DoggyAppUITests.a"; sourceTree = BUILT_PRODUCTS_DIR; };
		2CAB80418EDE3774745789CB /* Pods-DoggyAppTests.debug.xcconfig */ = {isa = PBXFileReference; includeInIndex = 1; lastKnownFileType = text.xcconfig; name = "Pods-DoggyAppTests.debug.xcconfig"; path = "Target Support Files/Pods-DoggyAppTests/Pods-DoggyAppTests.debug.xcconfig"; sourceTree = "<group>"; };
		6F155B41291420A80013B212 /* PetsListViewModel.swift */ = {isa = PBXFileReference; lastKnownFileType = sourcecode.swift; path = PetsListViewModel.swift; sourceTree = "<group>"; };
		6F155B43291422320013B212 /* PetsViewModel.swift */ = {isa = PBXFileReference; lastKnownFileType = sourcecode.swift; path = PetsViewModel.swift; sourceTree = "<group>"; };
		6F155B4529142A210013B212 /* GlobalConstants.swift */ = {isa = PBXFileReference; lastKnownFileType = sourcecode.swift; path = GlobalConstants.swift; sourceTree = "<group>"; };
		6F155B4B2916DF9E0013B212 /* PetsDetailsViewController.swift */ = {isa = PBXFileReference; lastKnownFileType = sourcecode.swift; path = PetsDetailsViewController.swift; sourceTree = "<group>"; };
		6F155B51291718E00013B212 /* PetsPersistencyManager.swift */ = {isa = PBXFileReference; lastKnownFileType = sourcecode.swift; path = PetsPersistencyManager.swift; sourceTree = "<group>"; };
		6F155B5729181FFC0013B212 /* PetsTableViewCell.swift */ = {isa = PBXFileReference; lastKnownFileType = sourcecode.swift; path = PetsTableViewCell.swift; sourceTree = "<group>"; };
		6F1A2726290EE28200C98E4E /* DoggyApp.app */ = {isa = PBXFileReference; explicitFileType = wrapper.application; includeInIndex = 0; path = DoggyApp.app; sourceTree = BUILT_PRODUCTS_DIR; };
		6F1A2729290EE28200C98E4E /* AppDelegate.swift */ = {isa = PBXFileReference; lastKnownFileType = sourcecode.swift; path = AppDelegate.swift; sourceTree = "<group>"; };
		6F1A272B290EE28200C98E4E /* SceneDelegate.swift */ = {isa = PBXFileReference; lastKnownFileType = sourcecode.swift; path = SceneDelegate.swift; sourceTree = "<group>"; };
		6F1A272D290EE28200C98E4E /* PetsListViewController.swift */ = {isa = PBXFileReference; lastKnownFileType = sourcecode.swift; path = PetsListViewController.swift; sourceTree = "<group>"; };
		6F1A2730290EE28200C98E4E /* Base */ = {isa = PBXFileReference; lastKnownFileType = file.storyboard; name = Base; path = Base.lproj/Main.storyboard; sourceTree = "<group>"; };
		6F1A2732290EE28500C98E4E /* Assets.xcassets */ = {isa = PBXFileReference; lastKnownFileType = folder.assetcatalog; path = Assets.xcassets; sourceTree = "<group>"; };
		6F1A2737290EE28500C98E4E /* Info.plist */ = {isa = PBXFileReference; lastKnownFileType = text.plist.xml; path = Info.plist; sourceTree = "<group>"; };
		6F1A273C290EE28500C98E4E /* DoggyAppTests.xctest */ = {isa = PBXFileReference; explicitFileType = wrapper.cfbundle; includeInIndex = 0; path = DoggyAppTests.xctest; sourceTree = BUILT_PRODUCTS_DIR; };
		6F1A2740290EE28500C98E4E /* DoggyAppTests.swift */ = {isa = PBXFileReference; lastKnownFileType = sourcecode.swift; path = DoggyAppTests.swift; sourceTree = "<group>"; };
		6F1A2746290EE28500C98E4E /* DoggyAppUITests.xctest */ = {isa = PBXFileReference; explicitFileType = wrapper.cfbundle; includeInIndex = 0; path = DoggyAppUITests.xctest; sourceTree = BUILT_PRODUCTS_DIR; };
		6F1A274A290EE28500C98E4E /* DoggyAppUITests.swift */ = {isa = PBXFileReference; lastKnownFileType = sourcecode.swift; path = DoggyAppUITests.swift; sourceTree = "<group>"; };
		6F1A274C290EE28500C98E4E /* DoggyAppUITestsLaunchTests.swift */ = {isa = PBXFileReference; lastKnownFileType = sourcecode.swift; path = DoggyAppUITestsLaunchTests.swift; sourceTree = "<group>"; };
		6F1A2759290EEDF600C98E4E /* AppCoordinator.swift */ = {isa = PBXFileReference; lastKnownFileType = sourcecode.swift; path = AppCoordinator.swift; sourceTree = "<group>"; };
		6F1A275B290EF0A300C98E4E /* Pet.swift */ = {isa = PBXFileReference; lastKnownFileType = sourcecode.swift; path = Pet.swift; sourceTree = "<group>"; };
		6F1A275D290EF16D00C98E4E /* PetService.swift */ = {isa = PBXFileReference; lastKnownFileType = sourcecode.swift; path = PetService.swift; sourceTree = "<group>"; };
		6F1A2760290EFC8700C98E4E /* Token.swift */ = {isa = PBXFileReference; lastKnownFileType = sourcecode.swift; path = Token.swift; sourceTree = "<group>"; };
		6F653141291ACB6100A1E963 /* KeychainHandler.swift */ = {isa = PBXFileReference; lastKnownFileType = sourcecode.swift; path = KeychainHandler.swift; sourceTree = "<group>"; };
		6F653143291B184D00A1E963 /* PetFinderAccess.plist */ = {isa = PBXFileReference; fileEncoding = 4; lastKnownFileType = text.plist.xml; path = PetFinderAccess.plist; sourceTree = "<group>"; };
		7C690CEDC7FCC394BDD10841 /* Pods-DoggyApp-DoggyAppUITests.debug.xcconfig */ = {isa = PBXFileReference; includeInIndex = 1; lastKnownFileType = text.xcconfig; name = "Pods-DoggyApp-DoggyAppUITests.debug.xcconfig"; path = "Target Support Files/Pods-DoggyApp-DoggyAppUITests/Pods-DoggyApp-DoggyAppUITests.debug.xcconfig"; sourceTree = "<group>"; };
		B24B60CE0A7EDB63C7D422CE /* libPods-DoggyApp.a */ = {isa = PBXFileReference; explicitFileType = archive.ar; includeInIndex = 0; path = "libPods-DoggyApp.a"; sourceTree = BUILT_PRODUCTS_DIR; };
		C6F749A246817B3B4E7B0BE4 /* Pods-DoggyApp.debug.xcconfig */ = {isa = PBXFileReference; includeInIndex = 1; lastKnownFileType = text.xcconfig; name = "Pods-DoggyApp.debug.xcconfig"; path = "Target Support Files/Pods-DoggyApp/Pods-DoggyApp.debug.xcconfig"; sourceTree = "<group>"; };
		F1CA8793CC78AA0F9A9E9368 /* libPods-DoggyAppTests.a */ = {isa = PBXFileReference; explicitFileType = archive.ar; includeInIndex = 0; path = "libPods-DoggyAppTests.a"; sourceTree = BUILT_PRODUCTS_DIR; };
		F9EF1C9BB2C93FAED83B3870 /* Pods-DoggyApp.release.xcconfig */ = {isa = PBXFileReference; includeInIndex = 1; lastKnownFileType = text.xcconfig; name = "Pods-DoggyApp.release.xcconfig"; path = "Target Support Files/Pods-DoggyApp/Pods-DoggyApp.release.xcconfig"; sourceTree = "<group>"; };
		FC73B478D3A179A1729A5A49 /* Pods-DoggyApp-DoggyAppUITests.release.xcconfig */ = {isa = PBXFileReference; includeInIndex = 1; lastKnownFileType = text.xcconfig; name = "Pods-DoggyApp-DoggyAppUITests.release.xcconfig"; path = "Target Support Files/Pods-DoggyApp-DoggyAppUITests/Pods-DoggyApp-DoggyAppUITests.release.xcconfig"; sourceTree = "<group>"; };
/* End PBXFileReference section */

/* Begin PBXFrameworksBuildPhase section */
		6F1A2723290EE28200C98E4E /* Frameworks */ = {
			isa = PBXFrameworksBuildPhase;
			buildActionMask = 2147483647;
			files = (
				8AF0846A11B2D96B3CB83DEE /* libPods-DoggyApp.a in Frameworks */,
			);
			runOnlyForDeploymentPostprocessing = 0;
		};
		6F1A2739290EE28500C98E4E /* Frameworks */ = {
			isa = PBXFrameworksBuildPhase;
			buildActionMask = 2147483647;
			files = (
				079DC0BA3F87712976A50F10 /* libPods-DoggyAppTests.a in Frameworks */,
			);
			runOnlyForDeploymentPostprocessing = 0;
		};
		6F1A2743290EE28500C98E4E /* Frameworks */ = {
			isa = PBXFrameworksBuildPhase;
			buildActionMask = 2147483647;
			files = (
				2C320F57BB7AFBA1AAA225BB /* libPods-DoggyApp-DoggyAppUITests.a in Frameworks */,
			);
			runOnlyForDeploymentPostprocessing = 0;
		};
/* End PBXFrameworksBuildPhase section */

/* Begin PBXGroup section */
		670563B2573389873B6542DC /* Frameworks */ = {
			isa = PBXGroup;
			children = (
				B24B60CE0A7EDB63C7D422CE /* libPods-DoggyApp.a */,
				285BC809616A16116FD9F4D1 /* libPods-DoggyApp-DoggyAppUITests.a */,
				F1CA8793CC78AA0F9A9E9368 /* libPods-DoggyAppTests.a */,
			);
			name = Frameworks;
			sourceTree = "<group>";
		};
		6F155B3D291420030013B212 /* Model */ = {
			isa = PBXGroup;
			children = (
				6F1A275B290EF0A300C98E4E /* Pet.swift */,
			);
			path = Model;
			sourceTree = "<group>";
		};
		6F155B3F291420520013B212 /* Persistence */ = {
			isa = PBXGroup;
			children = (
				6F155B51291718E00013B212 /* PetsPersistencyManager.swift */,
				6F653141291ACB6100A1E963 /* KeychainHandler.swift */,
			);
			path = Persistence;
			sourceTree = "<group>";
		};
		6F155B40291420640013B212 /* Services */ = {
			isa = PBXGroup;
			children = (
				6F1A275F290EFC6B00C98E4E /* Webservice */,
			);
			path = Services;
			sourceTree = "<group>";
		};
		6F155B4D2916DFA40013B212 /* ViewControllers */ = {
			isa = PBXGroup;
			children = (
				6F155B4B2916DF9E0013B212 /* PetsDetailsViewController.swift */,
				6F1A272D290EE28200C98E4E /* PetsListViewController.swift */,
			);
			path = ViewControllers;
			sourceTree = "<group>";
		};
		6F155B4E2916F0DF0013B212 /* ViewModel */ = {
			isa = PBXGroup;
			children = (
				6F155B41291420A80013B212 /* PetsListViewModel.swift */,
				6F155B43291422320013B212 /* PetsViewModel.swift */,
			);
			path = ViewModel;
			sourceTree = "<group>";
		};
		6F155B5529171DCE0013B212 /* Resources */ = {
			isa = PBXGroup;
			children = (
				6F653143291B184D00A1E963 /* PetFinderAccess.plist */,
			);
			path = Resources;
			sourceTree = "<group>";
		};
		6F155B5629181F940013B212 /* VIew */ = {
			isa = PBXGroup;
			children = (
				6F155B5729181FFC0013B212 /* PetsTableViewCell.swift */,
			);
			path = VIew;
			sourceTree = "<group>";
		};
		6F1A271D290EE28200C98E4E = {
			isa = PBXGroup;
			children = (
				6F1A2728290EE28200C98E4E /* DoggyApp */,
				6F1A273F290EE28500C98E4E /* DoggyAppTests */,
				6F1A2749290EE28500C98E4E /* DoggyAppUITests */,
				6F1A2727290EE28200C98E4E /* Products */,
				EFA855C15306B112E66BA4FA /* Pods */,
				670563B2573389873B6542DC /* Frameworks */,
			);
			sourceTree = "<group>";
		};
		6F1A2727290EE28200C98E4E /* Products */ = {
			isa = PBXGroup;
			children = (
				6F1A2726290EE28200C98E4E /* DoggyApp.app */,
				6F1A273C290EE28500C98E4E /* DoggyAppTests.xctest */,
				6F1A2746290EE28500C98E4E /* DoggyAppUITests.xctest */,
			);
			name = Products;
			sourceTree = "<group>";
		};
		6F1A2728290EE28200C98E4E /* DoggyApp */ = {
			isa = PBXGroup;
			children = (
				6F1A2759290EEDF600C98E4E /* AppCoordinator.swift */,
				6F1A2729290EE28200C98E4E /* AppDelegate.swift */,
				6F1A2732290EE28500C98E4E /* Assets.xcassets */,
				6F155B4529142A210013B212 /* GlobalConstants.swift */,
				6F1A2737290EE28500C98E4E /* Info.plist */,
				6F1A272F290EE28200C98E4E /* Main.storyboard */,
				6F155B3D291420030013B212 /* Model */,
				6F155B3F291420520013B212 /* Persistence */,
				6F155B5529171DCE0013B212 /* Resources */,
				6F1A272B290EE28200C98E4E /* SceneDelegate.swift */,
				6F155B40291420640013B212 /* Services */,
				6F155B5629181F940013B212 /* VIew */,
				6F155B4D2916DFA40013B212 /* ViewControllers */,
				6F155B4E2916F0DF0013B212 /* ViewModel */,
			);
			path = DoggyApp;
			sourceTree = "<group>";
		};
		6F1A273F290EE28500C98E4E /* DoggyAppTests */ = {
			isa = PBXGroup;
			children = (
				6F1A2740290EE28500C98E4E /* DoggyAppTests.swift */,
			);
			path = DoggyAppTests;
			sourceTree = "<group>";
		};
		6F1A2749290EE28500C98E4E /* DoggyAppUITests */ = {
			isa = PBXGroup;
			children = (
				6F1A274A290EE28500C98E4E /* DoggyAppUITests.swift */,
				6F1A274C290EE28500C98E4E /* DoggyAppUITestsLaunchTests.swift */,
			);
			path = DoggyAppUITests;
			sourceTree = "<group>";
		};
		6F1A275F290EFC6B00C98E4E /* Webservice */ = {
			isa = PBXGroup;
			children = (
				6F1A275D290EF16D00C98E4E /* PetService.swift */,
				6F1A2760290EFC8700C98E4E /* Token.swift */,
			);
			path = Webservice;
			sourceTree = "<group>";
		};
		EFA855C15306B112E66BA4FA /* Pods */ = {
			isa = PBXGroup;
			children = (
				C6F749A246817B3B4E7B0BE4 /* Pods-DoggyApp.debug.xcconfig */,
				F9EF1C9BB2C93FAED83B3870 /* Pods-DoggyApp.release.xcconfig */,
				7C690CEDC7FCC394BDD10841 /* Pods-DoggyApp-DoggyAppUITests.debug.xcconfig */,
				FC73B478D3A179A1729A5A49 /* Pods-DoggyApp-DoggyAppUITests.release.xcconfig */,
				2CAB80418EDE3774745789CB /* Pods-DoggyAppTests.debug.xcconfig */,
				0EC1B5E31483D30430C20682 /* Pods-DoggyAppTests.release.xcconfig */,
			);
			path = Pods;
			sourceTree = "<group>";
		};
/* End PBXGroup section */

/* Begin PBXNativeTarget section */
		6F1A2725290EE28200C98E4E /* DoggyApp */ = {
			isa = PBXNativeTarget;
			buildConfigurationList = 6F1A2750290EE28500C98E4E /* Build configuration list for PBXNativeTarget "DoggyApp" */;
			buildPhases = (
				D4D448CD554807790C96C2D8 /* [CP] Check Pods Manifest.lock */,
				6F1A2722290EE28200C98E4E /* Sources */,
				6F1A2723290EE28200C98E4E /* Frameworks */,
				6F1A2724290EE28200C98E4E /* Resources */,
			);
			buildRules = (
			);
			dependencies = (
			);
			name = DoggyApp;
			productName = DoggyApp;
			productReference = 6F1A2726290EE28200C98E4E /* DoggyApp.app */;
			productType = "com.apple.product-type.application";
		};
		6F1A273B290EE28500C98E4E /* DoggyAppTests */ = {
			isa = PBXNativeTarget;
			buildConfigurationList = 6F1A2753290EE28500C98E4E /* Build configuration list for PBXNativeTarget "DoggyAppTests" */;
			buildPhases = (
				667D3E4A69A95587E5DBD97E /* [CP] Check Pods Manifest.lock */,
				6F1A2738290EE28500C98E4E /* Sources */,
				6F1A2739290EE28500C98E4E /* Frameworks */,
				6F1A273A290EE28500C98E4E /* Resources */,
			);
			buildRules = (
			);
			dependencies = (
				6F1A273E290EE28500C98E4E /* PBXTargetDependency */,
			);
			name = DoggyAppTests;
			productName = DoggyAppTests;
			productReference = 6F1A273C290EE28500C98E4E /* DoggyAppTests.xctest */;
			productType = "com.apple.product-type.bundle.unit-test";
		};
		6F1A2745290EE28500C98E4E /* DoggyAppUITests */ = {
			isa = PBXNativeTarget;
			buildConfigurationList = 6F1A2756290EE28500C98E4E /* Build configuration list for PBXNativeTarget "DoggyAppUITests" */;
			buildPhases = (
				CA6C2DC00ADC6E199187DC2B /* [CP] Check Pods Manifest.lock */,
				6F1A2742290EE28500C98E4E /* Sources */,
				6F1A2743290EE28500C98E4E /* Frameworks */,
				6F1A2744290EE28500C98E4E /* Resources */,
			);
			buildRules = (
			);
			dependencies = (
				6F1A2748290EE28500C98E4E /* PBXTargetDependency */,
			);
			name = DoggyAppUITests;
			productName = DoggyAppUITests;
			productReference = 6F1A2746290EE28500C98E4E /* DoggyAppUITests.xctest */;
			productType = "com.apple.product-type.bundle.ui-testing";
		};
/* End PBXNativeTarget section */

/* Begin PBXProject section */
		6F1A271E290EE28200C98E4E /* Project object */ = {
			isa = PBXProject;
			attributes = {
				BuildIndependentTargetsInParallel = 1;
				LastSwiftUpdateCheck = 1320;
				LastUpgradeCheck = 1320;
				TargetAttributes = {
					6F1A2725290EE28200C98E4E = {
						CreatedOnToolsVersion = 13.2.1;
					};
					6F1A273B290EE28500C98E4E = {
						CreatedOnToolsVersion = 13.2.1;
						TestTargetID = 6F1A2725290EE28200C98E4E;
					};
					6F1A2745290EE28500C98E4E = {
						CreatedOnToolsVersion = 13.2.1;
						TestTargetID = 6F1A2725290EE28200C98E4E;
					};
				};
			};
			buildConfigurationList = 6F1A2721290EE28200C98E4E /* Build configuration list for PBXProject "DoggyApp" */;
			compatibilityVersion = "Xcode 13.0";
			developmentRegion = en;
			hasScannedForEncodings = 0;
			knownRegions = (
				en,
				Base,
			);
			mainGroup = 6F1A271D290EE28200C98E4E;
			productRefGroup = 6F1A2727290EE28200C98E4E /* Products */;
			projectDirPath = "";
			projectRoot = "";
			targets = (
				6F1A2725290EE28200C98E4E /* DoggyApp */,
				6F1A273B290EE28500C98E4E /* DoggyAppTests */,
				6F1A2745290EE28500C98E4E /* DoggyAppUITests */,
			);
		};
/* End PBXProject section */

/* Begin PBXResourcesBuildPhase section */
		6F1A2724290EE28200C98E4E /* Resources */ = {
			isa = PBXResourcesBuildPhase;
			buildActionMask = 2147483647;
			files = (
				6F1A2733290EE28500C98E4E /* Assets.xcassets in Resources */,
				6F653144291B184D00A1E963 /* PetFinderAccess.plist in Resources */,
				6F1A2731290EE28200C98E4E /* Main.storyboard in Resources */,
			);
			runOnlyForDeploymentPostprocessing = 0;
		};
		6F1A273A290EE28500C98E4E /* Resources */ = {
			isa = PBXResourcesBuildPhase;
			buildActionMask = 2147483647;
			files = (
			);
			runOnlyForDeploymentPostprocessing = 0;
		};
		6F1A2744290EE28500C98E4E /* Resources */ = {
			isa = PBXResourcesBuildPhase;
			buildActionMask = 2147483647;
			files = (
			);
			runOnlyForDeploymentPostprocessing = 0;
		};
/* End PBXResourcesBuildPhase section */

/* Begin PBXShellScriptBuildPhase section */
		667D3E4A69A95587E5DBD97E /* [CP] Check Pods Manifest.lock */ = {
			isa = PBXShellScriptBuildPhase;
			buildActionMask = 2147483647;
			files = (
			);
			inputFileListPaths = (
			);
			inputPaths = (
				"${PODS_PODFILE_DIR_PATH}/Podfile.lock",
				"${PODS_ROOT}/Manifest.lock",
			);
			name = "[CP] Check Pods Manifest.lock";
			outputFileListPaths = (
			);
			outputPaths = (
				"$(DERIVED_FILE_DIR)/Pods-DoggyAppTests-checkManifestLockResult.txt",
			);
			runOnlyForDeploymentPostprocessing = 0;
			shellPath = /bin/sh;
			shellScript = "diff \"${PODS_PODFILE_DIR_PATH}/Podfile.lock\" \"${PODS_ROOT}/Manifest.lock\" > /dev/null\nif [ $? != 0 ] ; then\n    # print error to STDERR\n    echo \"error: The sandbox is not in sync with the Podfile.lock. Run 'pod install' or update your CocoaPods installation.\" >&2\n    exit 1\nfi\n# This output is used by Xcode 'outputs' to avoid re-running this script phase.\necho \"SUCCESS\" > \"${SCRIPT_OUTPUT_FILE_0}\"\n";
			showEnvVarsInLog = 0;
		};
		CA6C2DC00ADC6E199187DC2B /* [CP] Check Pods Manifest.lock */ = {
			isa = PBXShellScriptBuildPhase;
			buildActionMask = 2147483647;
			files = (
			);
			inputFileListPaths = (
			);
			inputPaths = (
				"${PODS_PODFILE_DIR_PATH}/Podfile.lock",
				"${PODS_ROOT}/Manifest.lock",
			);
			name = "[CP] Check Pods Manifest.lock";
			outputFileListPaths = (
			);
			outputPaths = (
				"$(DERIVED_FILE_DIR)/Pods-DoggyApp-DoggyAppUITests-checkManifestLockResult.txt",
			);
			runOnlyForDeploymentPostprocessing = 0;
			shellPath = /bin/sh;
			shellScript = "diff \"${PODS_PODFILE_DIR_PATH}/Podfile.lock\" \"${PODS_ROOT}/Manifest.lock\" > /dev/null\nif [ $? != 0 ] ; then\n    # print error to STDERR\n    echo \"error: The sandbox is not in sync with the Podfile.lock. Run 'pod install' or update your CocoaPods installation.\" >&2\n    exit 1\nfi\n# This output is used by Xcode 'outputs' to avoid re-running this script phase.\necho \"SUCCESS\" > \"${SCRIPT_OUTPUT_FILE_0}\"\n";
			showEnvVarsInLog = 0;
		};
		D4D448CD554807790C96C2D8 /* [CP] Check Pods Manifest.lock */ = {
			isa = PBXShellScriptBuildPhase;
			buildActionMask = 2147483647;
			files = (
			);
			inputFileListPaths = (
			);
			inputPaths = (
				"${PODS_PODFILE_DIR_PATH}/Podfile.lock",
				"${PODS_ROOT}/Manifest.lock",
			);
			name = "[CP] Check Pods Manifest.lock";
			outputFileListPaths = (
			);
			outputPaths = (
				"$(DERIVED_FILE_DIR)/Pods-DoggyApp-checkManifestLockResult.txt",
			);
			runOnlyForDeploymentPostprocessing = 0;
			shellPath = /bin/sh;
			shellScript = "diff \"${PODS_PODFILE_DIR_PATH}/Podfile.lock\" \"${PODS_ROOT}/Manifest.lock\" > /dev/null\nif [ $? != 0 ] ; then\n    # print error to STDERR\n    echo \"error: The sandbox is not in sync with the Podfile.lock. Run 'pod install' or update your CocoaPods installation.\" >&2\n    exit 1\nfi\n# This output is used by Xcode 'outputs' to avoid re-running this script phase.\necho \"SUCCESS\" > \"${SCRIPT_OUTPUT_FILE_0}\"\n";
			showEnvVarsInLog = 0;
		};
/* End PBXShellScriptBuildPhase section */

/* Begin PBXSourcesBuildPhase section */
		6F1A2722290EE28200C98E4E /* Sources */ = {
			isa = PBXSourcesBuildPhase;
			buildActionMask = 2147483647;
			files = (
				6F1A275A290EEDF700C98E4E /* AppCoordinator.swift in Sources */,
				6F1A2761290EFC8700C98E4E /* Token.swift in Sources */,
				6F155B4629142A210013B212 /* GlobalConstants.swift in Sources */,
				6F1A272E290EE28200C98E4E /* PetsListViewController.swift in Sources */,
				6F653142291ACB6200A1E963 /* KeychainHandler.swift in Sources */,
				6F1A272A290EE28200C98E4E /* AppDelegate.swift in Sources */,
				6F1A275E290EF16D00C98E4E /* PetService.swift in Sources */,
				6F1A275C290EF0A300C98E4E /* Pet.swift in Sources */,
				6F155B4C2916DF9E0013B212 /* PetsDetailsViewController.swift in Sources */,
				6F155B44291422320013B212 /* PetsViewModel.swift in Sources */,
				6F155B52291718E00013B212 /* PetsPersistencyManager.swift in Sources */,
				6F155B5829181FFC0013B212 /* PetsTableViewCell.swift in Sources */,
				6F155B42291420A80013B212 /* PetsListViewModel.swift in Sources */,
				6F1A272C290EE28200C98E4E /* SceneDelegate.swift in Sources */,
			);
			runOnlyForDeploymentPostprocessing = 0;
		};
		6F1A2738290EE28500C98E4E /* Sources */ = {
			isa = PBXSourcesBuildPhase;
			buildActionMask = 2147483647;
			files = (
				6F1A2741290EE28500C98E4E /* DoggyAppTests.swift in Sources */,
			);
			runOnlyForDeploymentPostprocessing = 0;
		};
		6F1A2742290EE28500C98E4E /* Sources */ = {
			isa = PBXSourcesBuildPhase;
			buildActionMask = 2147483647;
			files = (
				6F1A274D290EE28500C98E4E /* DoggyAppUITestsLaunchTests.swift in Sources */,
				6F1A274B290EE28500C98E4E /* DoggyAppUITests.swift in Sources */,
			);
			runOnlyForDeploymentPostprocessing = 0;
		};
/* End PBXSourcesBuildPhase section */

/* Begin PBXTargetDependency section */
		6F1A273E290EE28500C98E4E /* PBXTargetDependency */ = {
			isa = PBXTargetDependency;
			target = 6F1A2725290EE28200C98E4E /* DoggyApp */;
			targetProxy = 6F1A273D290EE28500C98E4E /* PBXContainerItemProxy */;
		};
		6F1A2748290EE28500C98E4E /* PBXTargetDependency */ = {
			isa = PBXTargetDependency;
			target = 6F1A2725290EE28200C98E4E /* DoggyApp */;
			targetProxy = 6F1A2747290EE28500C98E4E /* PBXContainerItemProxy */;
		};
/* End PBXTargetDependency section */

/* Begin PBXVariantGroup section */
		6F1A272F290EE28200C98E4E /* Main.storyboard */ = {
			isa = PBXVariantGroup;
			children = (
				6F1A2730290EE28200C98E4E /* Base */,
			);
			name = Main.storyboard;
			sourceTree = "<group>";
		};
/* End PBXVariantGroup section */

/* Begin XCBuildConfiguration section */
		6F1A274E290EE28500C98E4E /* Debug */ = {
			isa = XCBuildConfiguration;
			buildSettings = {
				ALWAYS_SEARCH_USER_PATHS = NO;
				CLANG_ANALYZER_NONNULL = YES;
				CLANG_ANALYZER_NUMBER_OBJECT_CONVERSION = YES_AGGRESSIVE;
				CLANG_CXX_LANGUAGE_STANDARD = "gnu++17";
				CLANG_CXX_LIBRARY = "libc++";
				CLANG_ENABLE_MODULES = YES;
				CLANG_ENABLE_OBJC_ARC = YES;
				CLANG_ENABLE_OBJC_WEAK = YES;
				CLANG_WARN_BLOCK_CAPTURE_AUTORELEASING = YES;
				CLANG_WARN_BOOL_CONVERSION = YES;
				CLANG_WARN_COMMA = YES;
				CLANG_WARN_CONSTANT_CONVERSION = YES;
				CLANG_WARN_DEPRECATED_OBJC_IMPLEMENTATIONS = YES;
				CLANG_WARN_DIRECT_OBJC_ISA_USAGE = YES_ERROR;
				CLANG_WARN_DOCUMENTATION_COMMENTS = YES;
				CLANG_WARN_EMPTY_BODY = YES;
				CLANG_WARN_ENUM_CONVERSION = YES;
				CLANG_WARN_INFINITE_RECURSION = YES;
				CLANG_WARN_INT_CONVERSION = YES;
				CLANG_WARN_NON_LITERAL_NULL_CONVERSION = YES;
				CLANG_WARN_OBJC_IMPLICIT_RETAIN_SELF = YES;
				CLANG_WARN_OBJC_LITERAL_CONVERSION = YES;
				CLANG_WARN_OBJC_ROOT_CLASS = YES_ERROR;
				CLANG_WARN_QUOTED_INCLUDE_IN_FRAMEWORK_HEADER = YES;
				CLANG_WARN_RANGE_LOOP_ANALYSIS = YES;
				CLANG_WARN_STRICT_PROTOTYPES = YES;
				CLANG_WARN_SUSPICIOUS_MOVE = YES;
				CLANG_WARN_UNGUARDED_AVAILABILITY = YES_AGGRESSIVE;
				CLANG_WARN_UNREACHABLE_CODE = YES;
				CLANG_WARN__DUPLICATE_METHOD_MATCH = YES;
				COPY_PHASE_STRIP = NO;
				DEBUG_INFORMATION_FORMAT = dwarf;
				ENABLE_STRICT_OBJC_MSGSEND = YES;
				ENABLE_TESTABILITY = YES;
				GCC_C_LANGUAGE_STANDARD = gnu11;
				GCC_DYNAMIC_NO_PIC = NO;
				GCC_NO_COMMON_BLOCKS = YES;
				GCC_OPTIMIZATION_LEVEL = 0;
				GCC_PREPROCESSOR_DEFINITIONS = (
					"DEBUG=1",
					"$(inherited)",
				);
				GCC_WARN_64_TO_32_BIT_CONVERSION = YES;
				GCC_WARN_ABOUT_RETURN_TYPE = YES_ERROR;
				GCC_WARN_UNDECLARED_SELECTOR = YES;
				GCC_WARN_UNINITIALIZED_AUTOS = YES_AGGRESSIVE;
				GCC_WARN_UNUSED_FUNCTION = YES;
				GCC_WARN_UNUSED_VARIABLE = YES;
				IPHONEOS_DEPLOYMENT_TARGET = 15.2;
				MTL_ENABLE_DEBUG_INFO = INCLUDE_SOURCE;
				MTL_FAST_MATH = YES;
				ONLY_ACTIVE_ARCH = YES;
				SDKROOT = iphoneos;
				SWIFT_ACTIVE_COMPILATION_CONDITIONS = DEBUG;
				SWIFT_OPTIMIZATION_LEVEL = "-Onone";
			};
			name = Debug;
		};
		6F1A274F290EE28500C98E4E /* Release */ = {
			isa = XCBuildConfiguration;
			buildSettings = {
				ALWAYS_SEARCH_USER_PATHS = NO;
				CLANG_ANALYZER_NONNULL = YES;
				CLANG_ANALYZER_NUMBER_OBJECT_CONVERSION = YES_AGGRESSIVE;
				CLANG_CXX_LANGUAGE_STANDARD = "gnu++17";
				CLANG_CXX_LIBRARY = "libc++";
				CLANG_ENABLE_MODULES = YES;
				CLANG_ENABLE_OBJC_ARC = YES;
				CLANG_ENABLE_OBJC_WEAK = YES;
				CLANG_WARN_BLOCK_CAPTURE_AUTORELEASING = YES;
				CLANG_WARN_BOOL_CONVERSION = YES;
				CLANG_WARN_COMMA = YES;
				CLANG_WARN_CONSTANT_CONVERSION = YES;
				CLANG_WARN_DEPRECATED_OBJC_IMPLEMENTATIONS = YES;
				CLANG_WARN_DIRECT_OBJC_ISA_USAGE = YES_ERROR;
				CLANG_WARN_DOCUMENTATION_COMMENTS = YES;
				CLANG_WARN_EMPTY_BODY = YES;
				CLANG_WARN_ENUM_CONVERSION = YES;
				CLANG_WARN_INFINITE_RECURSION = YES;
				CLANG_WARN_INT_CONVERSION = YES;
				CLANG_WARN_NON_LITERAL_NULL_CONVERSION = YES;
				CLANG_WARN_OBJC_IMPLICIT_RETAIN_SELF = YES;
				CLANG_WARN_OBJC_LITERAL_CONVERSION = YES;
				CLANG_WARN_OBJC_ROOT_CLASS = YES_ERROR;
				CLANG_WARN_QUOTED_INCLUDE_IN_FRAMEWORK_HEADER = YES;
				CLANG_WARN_RANGE_LOOP_ANALYSIS = YES;
				CLANG_WARN_STRICT_PROTOTYPES = YES;
				CLANG_WARN_SUSPICIOUS_MOVE = YES;
				CLANG_WARN_UNGUARDED_AVAILABILITY = YES_AGGRESSIVE;
				CLANG_WARN_UNREACHABLE_CODE = YES;
				CLANG_WARN__DUPLICATE_METHOD_MATCH = YES;
				COPY_PHASE_STRIP = NO;
				DEBUG_INFORMATION_FORMAT = "dwarf-with-dsym";
				ENABLE_NS_ASSERTIONS = NO;
				ENABLE_STRICT_OBJC_MSGSEND = YES;
				GCC_C_LANGUAGE_STANDARD = gnu11;
				GCC_NO_COMMON_BLOCKS = YES;
				GCC_WARN_64_TO_32_BIT_CONVERSION = YES;
				GCC_WARN_ABOUT_RETURN_TYPE = YES_ERROR;
				GCC_WARN_UNDECLARED_SELECTOR = YES;
				GCC_WARN_UNINITIALIZED_AUTOS = YES_AGGRESSIVE;
				GCC_WARN_UNUSED_FUNCTION = YES;
				GCC_WARN_UNUSED_VARIABLE = YES;
				IPHONEOS_DEPLOYMENT_TARGET = 15.2;
				MTL_ENABLE_DEBUG_INFO = NO;
				MTL_FAST_MATH = YES;
				SDKROOT = iphoneos;
				SWIFT_COMPILATION_MODE = wholemodule;
				SWIFT_OPTIMIZATION_LEVEL = "-O";
				VALIDATE_PRODUCT = YES;
			};
			name = Release;
		};
		6F1A2751290EE28500C98E4E /* Debug */ = {
			isa = XCBuildConfiguration;
			baseConfigurationReference = C6F749A246817B3B4E7B0BE4 /* Pods-DoggyApp.debug.xcconfig */;
			buildSettings = {
				ASSETCATALOG_COMPILER_APPICON_NAME = AppIcon;
				ASSETCATALOG_COMPILER_GLOBAL_ACCENT_COLOR_NAME = AccentColor;
				CODE_SIGN_STYLE = Automatic;
				CURRENT_PROJECT_VERSION = 1;
				DEVELOPMENT_TEAM = QUKV9M53YD;
				GENERATE_INFOPLIST_FILE = YES;
				INFOPLIST_FILE = DoggyApp/Info.plist;
				INFOPLIST_KEY_UIApplicationSupportsIndirectInputEvents = YES;
				INFOPLIST_KEY_UILaunchStoryboardName = LaunchScreen;
				INFOPLIST_KEY_UIMainStoryboardFile = Main;
				INFOPLIST_KEY_UISupportedInterfaceOrientations_iPad = "UIInterfaceOrientationPortrait UIInterfaceOrientationPortraitUpsideDown UIInterfaceOrientationLandscapeLeft UIInterfaceOrientationLandscapeRight";
				INFOPLIST_KEY_UISupportedInterfaceOrientations_iPhone = "UIInterfaceOrientationPortrait UIInterfaceOrientationLandscapeLeft UIInterfaceOrientationLandscapeRight";
				LD_RUNPATH_SEARCH_PATHS = (
					"$(inherited)",
					"@executable_path/Frameworks",
				);
				MARKETING_VERSION = 1.0;
				PRODUCT_BUNDLE_IDENTIFIER = FlaviuS.DoggyApp;
				PRODUCT_NAME = "$(TARGET_NAME)";
				SWIFT_EMIT_LOC_STRINGS = YES;
				SWIFT_VERSION = 5.0;
				TARGETED_DEVICE_FAMILY = "1,2";
			};
			name = Debug;
		};
		6F1A2752290EE28500C98E4E /* Release */ = {
			isa = XCBuildConfiguration;
			baseConfigurationReference = F9EF1C9BB2C93FAED83B3870 /* Pods-DoggyApp.release.xcconfig */;
			buildSettings = {
				ASSETCATALOG_COMPILER_APPICON_NAME = AppIcon;
				ASSETCATALOG_COMPILER_GLOBAL_ACCENT_COLOR_NAME = AccentColor;
				CODE_SIGN_STYLE = Automatic;
				CURRENT_PROJECT_VERSION = 1;
				DEVELOPMENT_TEAM = QUKV9M53YD;
				GENERATE_INFOPLIST_FILE = YES;
				INFOPLIST_FILE = DoggyApp/Info.plist;
				INFOPLIST_KEY_UIApplicationSupportsIndirectInputEvents = YES;
				INFOPLIST_KEY_UILaunchStoryboardName = LaunchScreen;
				INFOPLIST_KEY_UIMainStoryboardFile = Main;
				INFOPLIST_KEY_UISupportedInterfaceOrientations_iPad = "UIInterfaceOrientationPortrait UIInterfaceOrientationPortraitUpsideDown UIInterfaceOrientationLandscapeLeft UIInterfaceOrientationLandscapeRight";
				INFOPLIST_KEY_UISupportedInterfaceOrientations_iPhone = "UIInterfaceOrientationPortrait UIInterfaceOrientationLandscapeLeft UIInterfaceOrientationLandscapeRight";
				LD_RUNPATH_SEARCH_PATHS = (
					"$(inherited)",
					"@executable_path/Frameworks",
				);
				MARKETING_VERSION = 1.0;
				PRODUCT_BUNDLE_IDENTIFIER = FlaviuS.DoggyApp;
				PRODUCT_NAME = "$(TARGET_NAME)";
				SWIFT_EMIT_LOC_STRINGS = YES;
				SWIFT_VERSION = 5.0;
				TARGETED_DEVICE_FAMILY = "1,2";
			};
			name = Release;
		};
		6F1A2754290EE28500C98E4E /* Debug */ = {
			isa = XCBuildConfiguration;
			baseConfigurationReference = 2CAB80418EDE3774745789CB /* Pods-DoggyAppTests.debug.xcconfig */;
			buildSettings = {
				ALWAYS_EMBED_SWIFT_STANDARD_LIBRARIES = YES;
				BUNDLE_LOADER = "$(TEST_HOST)";
				CODE_SIGN_STYLE = Automatic;
				CURRENT_PROJECT_VERSION = 1;
				DEVELOPMENT_TEAM = QUKV9M53YD;
				GENERATE_INFOPLIST_FILE = YES;
				IPHONEOS_DEPLOYMENT_TARGET = 15.2;
				MARKETING_VERSION = 1.0;
				PRODUCT_BUNDLE_IDENTIFIER = FlaviuS.DoggyAppTests;
				PRODUCT_NAME = "$(TARGET_NAME)";
				SWIFT_EMIT_LOC_STRINGS = NO;
				SWIFT_VERSION = 5.0;
				TARGETED_DEVICE_FAMILY = "1,2";
				TEST_HOST = "$(BUILT_PRODUCTS_DIR)/DoggyApp.app/DoggyApp";
			};
			name = Debug;
		};
		6F1A2755290EE28500C98E4E /* Release */ = {
			isa = XCBuildConfiguration;
			baseConfigurationReference = 0EC1B5E31483D30430C20682 /* Pods-DoggyAppTests.release.xcconfig */;
			buildSettings = {
				ALWAYS_EMBED_SWIFT_STANDARD_LIBRARIES = YES;
				BUNDLE_LOADER = "$(TEST_HOST)";
				CODE_SIGN_STYLE = Automatic;
				CURRENT_PROJECT_VERSION = 1;
				DEVELOPMENT_TEAM = QUKV9M53YD;
				GENERATE_INFOPLIST_FILE = YES;
				IPHONEOS_DEPLOYMENT_TARGET = 15.2;
				MARKETING_VERSION = 1.0;
				PRODUCT_BUNDLE_IDENTIFIER = FlaviuS.DoggyAppTests;
				PRODUCT_NAME = "$(TARGET_NAME)";
				SWIFT_EMIT_LOC_STRINGS = NO;
				SWIFT_VERSION = 5.0;
				TARGETED_DEVICE_FAMILY = "1,2";
				TEST_HOST = "$(BUILT_PRODUCTS_DIR)/DoggyApp.app/DoggyApp";
			};
			name = Release;
		};
		6F1A2757290EE28500C98E4E /* Debug */ = {
			isa = XCBuildConfiguration;
			baseConfigurationReference = 7C690CEDC7FCC394BDD10841 /* Pods-DoggyApp-DoggyAppUITests.debug.xcconfig */;
			buildSettings = {
				ALWAYS_EMBED_SWIFT_STANDARD_LIBRARIES = YES;
				CODE_SIGN_STYLE = Automatic;
				CURRENT_PROJECT_VERSION = 1;
				DEVELOPMENT_TEAM = QUKV9M53YD;
				GENERATE_INFOPLIST_FILE = YES;
				MARKETING_VERSION = 1.0;
				PRODUCT_BUNDLE_IDENTIFIER = FlaviuS.DoggyAppUITests;
				PRODUCT_NAME = "$(TARGET_NAME)";
				SWIFT_EMIT_LOC_STRINGS = NO;
				SWIFT_VERSION = 5.0;
				TARGETED_DEVICE_FAMILY = "1,2";
				TEST_TARGET_NAME = DoggyApp;
			};
			name = Debug;
		};
		6F1A2758290EE28500C98E4E /* Release */ = {
			isa = XCBuildConfiguration;
			baseConfigurationReference = FC73B478D3A179A1729A5A49 /* Pods-DoggyApp-DoggyAppUITests.release.xcconfig */;
			buildSettings = {
				ALWAYS_EMBED_SWIFT_STANDARD_LIBRARIES = YES;
				CODE_SIGN_STYLE = Automatic;
				CURRENT_PROJECT_VERSION = 1;
				DEVELOPMENT_TEAM = QUKV9M53YD;
				GENERATE_INFOPLIST_FILE = YES;
				MARKETING_VERSION = 1.0;
				PRODUCT_BUNDLE_IDENTIFIER = FlaviuS.DoggyAppUITests;
				PRODUCT_NAME = "$(TARGET_NAME)";
				SWIFT_EMIT_LOC_STRINGS = NO;
				SWIFT_VERSION = 5.0;
				TARGETED_DEVICE_FAMILY = "1,2";
				TEST_TARGET_NAME = DoggyApp;
			};
			name = Release;
		};
/* End XCBuildConfiguration section */

/* Begin XCConfigurationList section */
		6F1A2721290EE28200C98E4E /* Build configuration list for PBXProject "DoggyApp" */ = {
			isa = XCConfigurationList;
			buildConfigurations = (
				6F1A274E290EE28500C98E4E /* Debug */,
				6F1A274F290EE28500C98E4E /* Release */,
			);
			defaultConfigurationIsVisible = 0;
			defaultConfigurationName = Release;
		};
		6F1A2750290EE28500C98E4E /* Build configuration list for PBXNativeTarget "DoggyApp" */ = {
			isa = XCConfigurationList;
			buildConfigurations = (
				6F1A2751290EE28500C98E4E /* Debug */,
				6F1A2752290EE28500C98E4E /* Release */,
			);
			defaultConfigurationIsVisible = 0;
			defaultConfigurationName = Release;
		};
		6F1A2753290EE28500C98E4E /* Build configuration list for PBXNativeTarget "DoggyAppTests" */ = {
			isa = XCConfigurationList;
			buildConfigurations = (
				6F1A2754290EE28500C98E4E /* Debug */,
				6F1A2755290EE28500C98E4E /* Release */,
			);
			defaultConfigurationIsVisible = 0;
			defaultConfigurationName = Release;
		};
		6F1A2756290EE28500C98E4E /* Build configuration list for PBXNativeTarget "DoggyAppUITests" */ = {
			isa = XCConfigurationList;
			buildConfigurations = (
				6F1A2757290EE28500C98E4E /* Debug */,
				6F1A2758290EE28500C98E4E /* Release */,
			);
			defaultConfigurationIsVisible = 0;
			defaultConfigurationName = Release;
		};
/* End XCConfigurationList section */
	};
	rootObject = 6F1A271E290EE28200C98E4E /* Project object */;
}
